# THIS IS AN AUTOGENERATED FILE. DO NOT EDIT THIS FILE DIRECTLY.
# yarn lockfile v1


"@types/es6-promise@0.0.33":
  version "0.0.33"
  resolved "https://registry.yarnpkg.com/@types/es6-promise/-/es6-promise-0.0.33.tgz#280a707e62b1b6bef1a86cc0861ec63cd06c7ff3"

"@types/node@^8.0.41":
  version "8.0.41"
  resolved "https://registry.yarnpkg.com/@types/node/-/node-8.0.41.tgz#b88d23b454fdbcfd170f61de88a33ec9cd98960a"

sudo-prompt@^7.0.0:
  version "7.1.1"
  resolved "https://registry.yarnpkg.com/sudo-prompt/-/sudo-prompt-7.1.1.tgz#3e1e025920b085dfc0d072193cca2867fa9c51b2"

typescript-require@^0.2.9-1:
  version "0.2.9"
  resolved "https://registry.yarnpkg.com/typescript-require/-/typescript-require-0.2.9.tgz#796e0654d6dcd161a4929bb194659882d5675216"
  dependencies:
    typescript ">= 0.8.2"

"typescript@>= 0.8.2":
  version "2.5.3"
  resolved "https://registry.yarnpkg.com/typescript/-/typescript-2.5.3.tgz#df3dcdc38f3beb800d4bc322646b04a3f6ca7f0d"
